
Microsoft Visual Studio Solution File, Format Version 12.00
# Visual Studio Version 16
VisualStudioVersion = 16.0.31112.23
MinimumVisualStudioVersion = 10.0.40219.1
Project("{FAE04EC0-301F-11D3-BF4B-00C04F79EFBC}") = "Homework 7.3 WF", "Homework 7.3 WF.csproj", "{C3F3F048-DDE1-4036-A93A-37D0CF0119C3}"
EndProject
Global
	GlobalSection(SolutionConfigurationPlatforms) = preSolution
		Debug|Any CPU = Debug|Any CPU
		Release|Any CPU = Release|Any CPU
	EndGlobalSection
	GlobalSection(ProjectConfigurationPlatforms) = postSolution
		{C3F3F048-DDE1-4036-A93A-37D0CF0119C3}.Debug|Any CPU.ActiveCfg = Debug|Any CPU
		{C3F3F048-DDE1-4036-A93A-37D0CF0119C3}.Debug|Any CPU.Build.0 = Debug|Any CPU
		{C3F3F048-DDE1-4036-A93A-37D0CF0119C3}.Release|Any CPU.ActiveCfg = Release|Any CPU
		{C3F3F048-DDE1-4036-A93A-37D0CF0119C3}.Release|Any CPU.Build.0 = Release|Any CPU
	EndGlobalSection
	GlobalSection(SolutionProperties) = preSolution
		HideSolutionNode = FALSE
	EndGlobalSection
	GlobalSection(ExtensibilityGlobals) = postSolution
		SolutionGuid = {F599CF52-E1D8-4806-9F94-E2B69A823968}
	EndGlobalSection
EndGlobal
