
Microsoft Visual Studio Solution File, Format Version 12.00
# Visual Studio Version 16
VisualStudioVersion = 16.0.31205.134
MinimumVisualStudioVersion = 10.0.40219.1
Project("{FAE04EC0-301F-11D3-BF4B-00C04F79EFBC}") = "Final - Duran, Tyson", "Final - Duran, Tyson.csproj", "{4BE24578-4C69-464F-AAF0-8C04DC67E3B0}"
EndProject
Global
	GlobalSection(SolutionConfigurationPlatforms) = preSolution
		Debug|Any CPU = Debug|Any CPU
		Release|Any CPU = Release|Any CPU
	EndGlobalSection
	GlobalSection(ProjectConfigurationPlatforms) = postSolution
		{4BE24578-4C69-464F-AAF0-8C04DC67E3B0}.Debug|Any CPU.ActiveCfg = Debug|Any CPU
		{4BE24578-4C69-464F-AAF0-8C04DC67E3B0}.Debug|Any CPU.Build.0 = Debug|Any CPU
		{4BE24578-4C69-464F-AAF0-8C04DC67E3B0}.Release|Any CPU.ActiveCfg = Release|Any CPU
		{4BE24578-4C69-464F-AAF0-8C04DC67E3B0}.Release|Any CPU.Build.0 = Release|Any CPU
	EndGlobalSection
	GlobalSection(SolutionProperties) = preSolution
		HideSolutionNode = FALSE
	EndGlobalSection
	GlobalSection(ExtensibilityGlobals) = postSolution
		SolutionGuid = {3FE69781-F99B-4AEE-99A9-701B4FF6C255}
	EndGlobalSection
EndGlobal
