
Microsoft Visual Studio Solution File, Format Version 12.00
# Visual Studio Version 16
VisualStudioVersion = 16.0.30907.101
MinimumVisualStudioVersion = 10.0.40219.1
Project("{FAE04EC0-301F-11D3-BF4B-00C04F79EFBC}") = "Homework 1.2", "Homework 1.2.csproj", "{DA7E6547-5D57-4377-9E38-0B77A6F50E4E}"
EndProject
Global
	GlobalSection(SolutionConfigurationPlatforms) = preSolution
		Debug|Any CPU = Debug|Any CPU
		Release|Any CPU = Release|Any CPU
	EndGlobalSection
	GlobalSection(ProjectConfigurationPlatforms) = postSolution
		{DA7E6547-5D57-4377-9E38-0B77A6F50E4E}.Debug|Any CPU.ActiveCfg = Debug|Any CPU
		{DA7E6547-5D57-4377-9E38-0B77A6F50E4E}.Debug|Any CPU.Build.0 = Debug|Any CPU
		{DA7E6547-5D57-4377-9E38-0B77A6F50E4E}.Release|Any CPU.ActiveCfg = Release|Any CPU
		{DA7E6547-5D57-4377-9E38-0B77A6F50E4E}.Release|Any CPU.Build.0 = Release|Any CPU
	EndGlobalSection
	GlobalSection(SolutionProperties) = preSolution
		HideSolutionNode = FALSE
	EndGlobalSection
	GlobalSection(ExtensibilityGlobals) = postSolution
		SolutionGuid = {04A8A116-1467-4758-952D-A963261EE92E}
	EndGlobalSection
EndGlobal
