
Microsoft Visual Studio Solution File, Format Version 12.00
# Visual Studio Version 16
VisualStudioVersion = 16.0.31112.23
MinimumVisualStudioVersion = 10.0.40219.1
Project("{FAE04EC0-301F-11D3-BF4B-00C04F79EFBC}") = "Homework 8.2", "Homework 8.2.csproj", "{AFA74AEE-1063-4152-9E25-33BA5CDF7F47}"
EndProject
Project("{2150E333-8FDC-42A3-9474-1A3956D46DE8}") = "Solution Items", "Solution Items", "{1E86E39D-0CA8-4254-9121-E7E57D130096}"
EndProject
Global
	GlobalSection(SolutionConfigurationPlatforms) = preSolution
		Debug|Any CPU = Debug|Any CPU
		Release|Any CPU = Release|Any CPU
	EndGlobalSection
	GlobalSection(ProjectConfigurationPlatforms) = postSolution
		{AFA74AEE-1063-4152-9E25-33BA5CDF7F47}.Debug|Any CPU.ActiveCfg = Debug|Any CPU
		{AFA74AEE-1063-4152-9E25-33BA5CDF7F47}.Debug|Any CPU.Build.0 = Debug|Any CPU
		{AFA74AEE-1063-4152-9E25-33BA5CDF7F47}.Release|Any CPU.ActiveCfg = Release|Any CPU
		{AFA74AEE-1063-4152-9E25-33BA5CDF7F47}.Release|Any CPU.Build.0 = Release|Any CPU
	EndGlobalSection
	GlobalSection(SolutionProperties) = preSolution
		HideSolutionNode = FALSE
	EndGlobalSection
	GlobalSection(ExtensibilityGlobals) = postSolution
		SolutionGuid = {AEAF076C-72A4-459C-B4B4-3FDE0C478FAB}
	EndGlobalSection
EndGlobal
