
Microsoft Visual Studio Solution File, Format Version 12.00
# Visual Studio Version 16
VisualStudioVersion = 16.0.31205.134
MinimumVisualStudioVersion = 10.0.40219.1
Project("{FAE04EC0-301F-11D3-BF4B-00C04F79EFBC}") = "Final Project - Duran, Tyson", "Final Project - Duran, Tyson.csproj", "{D777B6F2-6F31-45BB-882B-5C101B64E686}"
EndProject
Global
	GlobalSection(SolutionConfigurationPlatforms) = preSolution
		Debug|Any CPU = Debug|Any CPU
		Release|Any CPU = Release|Any CPU
	EndGlobalSection
	GlobalSection(ProjectConfigurationPlatforms) = postSolution
		{D777B6F2-6F31-45BB-882B-5C101B64E686}.Debug|Any CPU.ActiveCfg = Debug|Any CPU
		{D777B6F2-6F31-45BB-882B-5C101B64E686}.Debug|Any CPU.Build.0 = Debug|Any CPU
		{D777B6F2-6F31-45BB-882B-5C101B64E686}.Release|Any CPU.ActiveCfg = Release|Any CPU
		{D777B6F2-6F31-45BB-882B-5C101B64E686}.Release|Any CPU.Build.0 = Release|Any CPU
	EndGlobalSection
	GlobalSection(SolutionProperties) = preSolution
		HideSolutionNode = FALSE
	EndGlobalSection
	GlobalSection(ExtensibilityGlobals) = postSolution
		SolutionGuid = {F8E65801-7DF6-48DE-ACC3-ABD9F83587DD}
	EndGlobalSection
EndGlobal
