
Microsoft Visual Studio Solution File, Format Version 12.00
# Visual Studio Version 16
VisualStudioVersion = 16.0.30907.101
MinimumVisualStudioVersion = 10.0.40219.1
Project("{FAE04EC0-301F-11D3-BF4B-00C04F79EFBC}") = "Homework 3.3", "Homework 3.3.csproj", "{CEC5652F-E524-4C90-B1DE-26FBE1426E73}"
EndProject
Global
	GlobalSection(SolutionConfigurationPlatforms) = preSolution
		Debug|Any CPU = Debug|Any CPU
		Release|Any CPU = Release|Any CPU
	EndGlobalSection
	GlobalSection(ProjectConfigurationPlatforms) = postSolution
		{CEC5652F-E524-4C90-B1DE-26FBE1426E73}.Debug|Any CPU.ActiveCfg = Debug|Any CPU
		{CEC5652F-E524-4C90-B1DE-26FBE1426E73}.Debug|Any CPU.Build.0 = Debug|Any CPU
		{CEC5652F-E524-4C90-B1DE-26FBE1426E73}.Release|Any CPU.ActiveCfg = Release|Any CPU
		{CEC5652F-E524-4C90-B1DE-26FBE1426E73}.Release|Any CPU.Build.0 = Release|Any CPU
	EndGlobalSection
	GlobalSection(SolutionProperties) = preSolution
		HideSolutionNode = FALSE
	EndGlobalSection
	GlobalSection(ExtensibilityGlobals) = postSolution
		SolutionGuid = {2F205726-A466-4BB8-81D7-2D1EDB018E43}
	EndGlobalSection
EndGlobal
